// !$*UTF8*$!
{
	archiveVersion = 1;
	classes = {
	};
	objectVersion = 50;
	objects = {

/* Begin PBXBuildFile section */
		8D58B7AE2419BA4100204627 /* AppDelegate.swift in Sources */ = {isa = PBXBuildFile; fileRef = 8D58B7AD2419BA4100204627 /* AppDelegate.swift */; };
		8D58B7B02419BA4100204627 /* SceneDelegate.swift in Sources */ = {isa = PBXBuildFile; fileRef = 8D58B7AF2419BA4100204627 /* SceneDelegate.swift */; };
		8D58B7B22419BA4100204627 /* FirstViewController.swift in Sources */ = {isa = PBXBuildFile; fileRef = 8D58B7B12419BA4100204627 /* FirstViewController.swift */; };
		8D58B7B42419BA4100204627 /* SecondViewController.swift in Sources */ = {isa = PBXBuildFile; fileRef = 8D58B7B32419BA4100204627 /* SecondViewController.swift */; };
		8D58B7B72419BA4100204627 /* Main.storyboard in Resources */ = {isa = PBXBuildFile; fileRef = 8D58B7B52419BA4100204627 /* Main.storyboard */; };
		8D58B7B92419BA4600204627 /* Assets.xcassets in Resources */ = {isa = PBXBuildFile; fileRef = 8D58B7B82419BA4600204627 /* Assets.xcassets */; };
		8D58B7BC2419BA4600204627 /* LaunchScreen.storyboard in Resources */ = {isa = PBXBuildFile; fileRef = 8D58B7BA2419BA4600204627 /* LaunchScreen.storyboard */; };
		8D58B7C42419C10600204627 /* ThirdViewController.swift in Sources */ = {isa = PBXBuildFile; fileRef = 8D58B7C32419C10600204627 /* ThirdViewController.swift */; };
		8D58B7C62419C14A00204627 /* CalcModel.swift in Sources */ = {isa = PBXBuildFile; fileRef = 8D58B7C52419C14A00204627 /* CalcModel.swift */; };
		8D58B7C82419C17400204627 /* CustomLabel.swift in Sources */ = {isa = PBXBuildFile; fileRef = 8D58B7C72419C17400204627 /* CustomLabel.swift */; };
		8D58B7CA2419C1A000204627 /* BaseViewController.swift in Sources */ = {isa = PBXBuildFile; fileRef = 8D58B7C92419C1A000204627 /* BaseViewController.swift */; };
/* End PBXBuildFile section */

/* Begin PBXFileReference section */
		8D58B7AA2419BA4100204627 /* TestProject02.app */ = {isa = PBXFileReference; explicitFileType = wrapper.application; includeInIndex = 0; path = TestProject02.app; sourceTree = BUILT_PRODUCTS_DIR; };
		8D58B7AD2419BA4100204627 /* AppDelegate.swift */ = {isa = PBXFileReference; lastKnownFileType = sourcecode.swift; path = AppDelegate.swift; sourceTree = "<group>"; };
		8D58B7AF2419BA4100204627 /* SceneDelegate.swift */ = {isa = PBXFileReference; lastKnownFileType = sourcecode.swift; path = SceneDelegate.swift; sourceTree = "<group>"; };
		8D58B7B12419BA4100204627 /* FirstViewController.swift */ = {isa = PBXFileReference; lastKnownFileType = sourcecode.swift; path = FirstViewController.swift; sourceTree = "<group>"; };
		8D58B7B32419BA4100204627 /* SecondViewController.swift */ = {isa = PBXFileReference; lastKnownFileType = sourcecode.swift; path = SecondViewController.swift; sourceTree = "<group>"; };
		8D58B7B62419BA4100204627 /* Base */ = {isa = PBXFileReference; lastKnownFileType = file.storyboard; name = Base; path = Base.lproj/Main.storyboard; sourceTree = "<group>"; };
		8D58B7B82419BA4600204627 /* Assets.xcassets */ = {isa = PBXFileReference; lastKnownFileType = folder.assetcatalog; path = Assets.xcassets; sourceTree = "<group>"; };
		8D58B7BB2419BA4600204627 /* Base */ = {isa = PBXFileReference; lastKnownFileType = file.storyboard; name = Base; path = Base.lproj/LaunchScreen.storyboard; sourceTree = "<group>"; };
		8D58B7BD2419BA4600204627 /* Info.plist */ = {isa = PBXFileReference; lastKnownFileType = text.plist.xml; path = Info.plist; sourceTree = "<group>"; };
		8D58B7C32419C10600204627 /* ThirdViewController.swift */ = {isa = PBXFileReference; lastKnownFileType = sourcecode.swift; path = ThirdViewController.swift; sourceTree = "<group>"; };
		8D58B7C52419C14A00204627 /* CalcModel.swift */ = {isa = PBXFileReference; lastKnownFileType = sourcecode.swift; path = CalcModel.swift; sourceTree = "<group>"; };
		8D58B7C72419C17400204627 /* CustomLabel.swift */ = {isa = PBXFileReference; lastKnownFileType = sourcecode.swift; path = CustomLabel.swift; sourceTree = "<group>"; };
		8D58B7C92419C1A000204627 /* BaseViewController.swift */ = {isa = PBXFileReference; lastKnownFileType = sourcecode.swift; path = BaseViewController.swift; sourceTree = "<group>"; };
/* End PBXFileReference section */

/* Begin PBXFrameworksBuildPhase section */
		8D58B7A72419BA4100204627 /* Frameworks */ = {
			isa = PBXFrameworksBuildPhase;
			buildActionMask = 2147483647;
			files = (
			);
			runOnlyForDeploymentPostprocessing = 0;
		};
/* End PBXFrameworksBuildPhase section */

/* Begin PBXGroup section */
		8D58B7A12419BA4100204627 = {
			isa = PBXGroup;
			children = (
				8D58B7AC2419BA4100204627 /* TestProject02 */,
				8D58B7AB2419BA4100204627 /* Products */,
			);
			sourceTree = "<group>";
		};
		8D58B7AB2419BA4100204627 /* Products */ = {
			isa = PBXGroup;
			children = (
				8D58B7AA2419BA4100204627 /* TestProject02.app */,
			);
			name = Products;
			sourceTree = "<group>";
		};
		8D58B7AC2419BA4100204627 /* TestProject02 */ = {
			isa = PBXGroup;
			children = (
				8D58B7CB2419C1B600204627 /* Model */,
				8D58B7CC2419C1F800204627 /* View */,
				8D58B7CD2419C25100204627 /* Controller */,
				8D58B7AD2419BA4100204627 /* AppDelegate.swift */,
				8D58B7AF2419BA4100204627 /* SceneDelegate.swift */,
				8D58B7B82419BA4600204627 /* Assets.xcassets */,
				8D58B7BA2419BA4600204627 /* LaunchScreen.storyboard */,
				8D58B7BD2419BA4600204627 /* Info.plist */,
			);
			path = TestProject02;
			sourceTree = "<group>";
		};
		8D58B7CB2419C1B600204627 /* Model */ = {
			isa = PBXGroup;
			children = (
				8D58B7C52419C14A00204627 /* CalcModel.swift */,
			);
			path = Model;
			sourceTree = "<group>";
		};
		8D58B7CC2419C1F800204627 /* View */ = {
			isa = PBXGroup;
			children = (
				8D58B7B52419BA4100204627 /* Main.storyboard */,
				8D58B7C72419C17400204627 /* CustomLabel.swift */,
			);
			path = View;
			sourceTree = "<group>";
		};
		8D58B7CD2419C25100204627 /* Controller */ = {
			isa = PBXGroup;
			children = (
				8D58B7C92419C1A000204627 /* BaseViewController.swift */,
				8D58B7B12419BA4100204627 /* FirstViewController.swift */,
				8D58B7B32419BA4100204627 /* SecondViewController.swift */,
				8D58B7C32419C10600204627 /* ThirdViewController.swift */,
			);
			path = Controller;
			sourceTree = "<group>";
		};
/* End PBXGroup section */

/* Begin PBXNativeTarget section */
		8D58B7A92419BA4100204627 /* TestProject02 */ = {
			isa = PBXNativeTarget;
			buildConfigurationList = 8D58B7C02419BA4600204627 /* Build configuration list for PBXNativeTarget "TestProject02" */;
			buildPhases = (
				8D58B7A62419BA4100204627 /* Sources */,
				8D58B7A72419BA4100204627 /* Frameworks */,
				8D58B7A82419BA4100204627 /* Resources */,
			);
			buildRules = (
			);
			dependencies = (
			);
			name = TestProject02;
			productName = TestProject02;
			productReference = 8D58B7AA2419BA4100204627 /* TestProject02.app */;
			productType = "com.apple.product-type.application";
		};
/* End PBXNativeTarget section */

/* Begin PBXProject section */
		8D58B7A22419BA4100204627 /* Project object */ = {
			isa = PBXProject;
			attributes = {
				LastSwiftUpdateCheck = 1130;
				LastUpgradeCheck = 1130;
				ORGANIZATIONNAME = "中塚富士雄";
				TargetAttributes = {
					8D58B7A92419BA4100204627 = {
						CreatedOnToolsVersion = 11.3.1;
					};
				};
			};
			buildConfigurationList = 8D58B7A52419BA4100204627 /* Build configuration list for PBXProject "TestProject02" */;
			compatibilityVersion = "Xcode 9.3";
			developmentRegion = en;
			hasScannedForEncodings = 0;
			knownRegions = (
				en,
				Base,
			);
			mainGroup = 8D58B7A12419BA4100204627;
			productRefGroup = 8D58B7AB2419BA4100204627 /* Products */;
			projectDirPath = "";
			projectRoot = "";
			targets = (
				8D58B7A92419BA4100204627 /* TestProject02 */,
			);
		};
/* End PBXProject section */

/* Begin PBXResourcesBuildPhase section */
		8D58B7A82419BA4100204627 /* Resources */ = {
			isa = PBXResourcesBuildPhase;
			buildActionMask = 2147483647;
			files = (
				8D58B7BC2419BA4600204627 /* LaunchScreen.storyboard in Resources */,
				8D58B7B92419BA4600204627 /* Assets.xcassets in Resources */,
				8D58B7B72419BA4100204627 /* Main.storyboard in Resources */,
			);
			runOnlyForDeploymentPostprocessing = 0;
		};
/* End PBXResourcesBuildPhase section */

/* Begin PBXSourcesBuildPhase section */
		8D58B7A62419BA4100204627 /* Sources */ = {
			isa = PBXSourcesBuildPhase;
			buildActionMask = 2147483647;
			files = (
				8D58B7C62419C14A00204627 /* CalcModel.swift in Sources */,
				8D58B7B42419BA4100204627 /* SecondViewController.swift in Sources */,
				8D58B7B22419BA4100204627 /* FirstViewController.swift in Sources */,
				8D58B7C82419C17400204627 /* CustomLabel.swift in Sources */,
				8D58B7C42419C10600204627 /* ThirdViewController.swift in Sources */,
				8D58B7CA2419C1A000204627 /* BaseViewController.swift in Sources */,
				8D58B7AE2419BA4100204627 /* AppDelegate.swift in Sources */,
				8D58B7B02419BA4100204627 /* SceneDelegate.swift in Sources */,
			);
			runOnlyForDeploymentPostprocessing = 0;
		};
/* End PBXSourcesBuildPhase section */

/* Begin PBXVariantGroup section */
		8D58B7B52419BA4100204627 /* Main.storyboard */ = {
			isa = PBXVariantGroup;
			children = (
				8D58B7B62419BA4100204627 /* Base */,
			);
			name = Main.storyboard;
			sourceTree = "<group>";
		};
		8D58B7BA2419BA4600204627 /* LaunchScreen.storyboard */ = {
			isa = PBXVariantGroup;
			children = (
				8D58B7BB2419BA4600204627 /* Base */,
			);
			name = LaunchScreen.storyboard;
			sourceTree = "<group>";
		};
/* End PBXVariantGroup section */

/* Begin XCBuildConfiguration section */
		8D58B7BE2419BA4600204627 /* Debug */ = {
			isa = XCBuildConfiguration;
			buildSettings = {
				ALWAYS_SEARCH_USER_PATHS = NO;
				CLANG_ANALYZER_NONNULL = YES;
				CLANG_ANALYZER_NUMBER_OBJECT_CONVERSION = YES_AGGRESSIVE;
				CLANG_CXX_LANGUAGE_STANDARD = "gnu++14";
				CLANG_CXX_LIBRARY = "libc++";
				CLANG_ENABLE_MODULES = YES;
				CLANG_ENABLE_OBJC_ARC = YES;
				CLANG_ENABLE_OBJC_WEAK = YES;
				CLANG_WARN_BLOCK_CAPTURE_AUTORELEASING = YES;
				CLANG_WARN_BOOL_CONVERSION = YES;
				CLANG_WARN_COMMA = YES;
				CLANG_WARN_CONSTANT_CONVERSION = YES;
				CLANG_WARN_DEPRECATED_OBJC_IMPLEMENTATIONS = YES;
				CLANG_WARN_DIRECT_OBJC_ISA_USAGE = YES_ERROR;
				CLANG_WARN_DOCUMENTATION_COMMENTS = YES;
				CLANG_WARN_EMPTY_BODY = YES;
				CLANG_WARN_ENUM_CONVERSION = YES;
				CLANG_WARN_INFINITE_RECURSION = YES;
				CLANG_WARN_INT_CONVERSION = YES;
				CLANG_WARN_NON_LITERAL_NULL_CONVERSION = YES;
				CLANG_WARN_OBJC_IMPLICIT_RETAIN_SELF = YES;
				CLANG_WARN_OBJC_LITERAL_CONVERSION = YES;
				CLANG_WARN_OBJC_ROOT_CLASS = YES_ERROR;
				CLANG_WARN_RANGE_LOOP_ANALYSIS = YES;
				CLANG_WARN_STRICT_PROTOTYPES = YES;
				CLANG_WARN_SUSPICIOUS_MOVE = YES;
				CLANG_WARN_UNGUARDED_AVAILABILITY = YES_AGGRESSIVE;
				CLANG_WARN_UNREACHABLE_CODE = YES;
				CLANG_WARN__DUPLICATE_METHOD_MATCH = YES;
				COPY_PHASE_STRIP = NO;
				DEBUG_INFORMATION_FORMAT = dwarf;
				ENABLE_STRICT_OBJC_MSGSEND = YES;
				ENABLE_TESTABILITY = YES;
				GCC_C_LANGUAGE_STANDARD = gnu11;
				GCC_DYNAMIC_NO_PIC = NO;
				GCC_NO_COMMON_BLOCKS = YES;
				GCC_OPTIMIZATION_LEVEL = 0;
				GCC_PREPROCESSOR_DEFINITIONS = (
					"DEBUG=1",
					"$(inherited)",
				);
				GCC_WARN_64_TO_32_BIT_CONVERSION = YES;
				GCC_WARN_ABOUT_RETURN_TYPE = YES_ERROR;
				GCC_WARN_UNDECLARED_SELECTOR = YES;
				GCC_WARN_UNINITIALIZED_AUTOS = YES_AGGRESSIVE;
				GCC_WARN_UNUSED_FUNCTION = YES;
				GCC_WARN_UNUSED_VARIABLE = YES;
				IPHONEOS_DEPLOYMENT_TARGET = 13.2;
				MTL_ENABLE_DEBUG_INFO = INCLUDE_SOURCE;
				MTL_FAST_MATH = YES;
				ONLY_ACTIVE_ARCH = YES;
				SDKROOT = iphoneos;
				SWIFT_ACTIVE_COMPILATION_CONDITIONS = DEBUG;
				SWIFT_OPTIMIZATION_LEVEL = "-Onone";
			};
			name = Debug;
		};
		8D58B7BF2419BA4600204627 /* Release */ = {
			isa = XCBuildConfiguration;
			buildSettings = {
				ALWAYS_SEARCH_USER_PATHS = NO;
				CLANG_ANALYZER_NONNULL = YES;
				CLANG_ANALYZER_NUMBER_OBJECT_CONVERSION = YES_AGGRESSIVE;
				CLANG_CXX_LANGUAGE_STANDARD = "gnu++14";
				CLANG_CXX_LIBRARY = "libc++";
				CLANG_ENABLE_MODULES = YES;
				CLANG_ENABLE_OBJC_ARC = YES;
				CLANG_ENABLE_OBJC_WEAK = YES;
				CLANG_WARN_BLOCK_CAPTURE_AUTORELEASING = YES;
				CLANG_WARN_BOOL_CONVERSION = YES;
				CLANG_WARN_COMMA = YES;
				CLANG_WARN_CONSTANT_CONVERSION = YES;
				CLANG_WARN_DEPRECATED_OBJC_IMPLEMENTATIONS = YES;
				CLANG_WARN_DIRECT_OBJC_ISA_USAGE = YES_ERROR;
				CLANG_WARN_DOCUMENTATION_COMMENTS = YES;
				CLANG_WARN_EMPTY_BODY = YES;
				CLANG_WARN_ENUM_CONVERSION = YES;
				CLANG_WARN_INFINITE_RECURSION = YES;
				CLANG_WARN_INT_CONVERSION = YES;
				CLANG_WARN_NON_LITERAL_NULL_CONVERSION = YES;
				CLANG_WARN_OBJC_IMPLICIT_RETAIN_SELF = YES;
				CLANG_WARN_OBJC_LITERAL_CONVERSION = YES;
				CLANG_WARN_OBJC_ROOT_CLASS = YES_ERROR;
				CLANG_WARN_RANGE_LOOP_ANALYSIS = YES;
				CLANG_WARN_STRICT_PROTOTYPES = YES;
				CLANG_WARN_SUSPICIOUS_MOVE = YES;
				CLANG_WARN_UNGUARDED_AVAILABILITY = YES_AGGRESSIVE;
				CLANG_WARN_UNREACHABLE_CODE = YES;
				CLANG_WARN__DUPLICATE_METHOD_MATCH = YES;
				COPY_PHASE_STRIP = NO;
				DEBUG_INFORMATION_FORMAT = "dwarf-with-dsym";
				ENABLE_NS_ASSERTIONS = NO;
				ENABLE_STRICT_OBJC_MSGSEND = YES;
				GCC_C_LANGUAGE_STANDARD = gnu11;
				GCC_NO_COMMON_BLOCKS = YES;
				GCC_WARN_64_TO_32_BIT_CONVERSION = YES;
				GCC_WARN_ABOUT_RETURN_TYPE = YES_ERROR;
				GCC_WARN_UNDECLARED_SELECTOR = YES;
				GCC_WARN_UNINITIALIZED_AUTOS = YES_AGGRESSIVE;
				GCC_WARN_UNUSED_FUNCTION = YES;
				GCC_WARN_UNUSED_VARIABLE = YES;
				IPHONEOS_DEPLOYMENT_TARGET = 13.2;
				MTL_ENABLE_DEBUG_INFO = NO;
				MTL_FAST_MATH = YES;
				SDKROOT = iphoneos;
				SWIFT_COMPILATION_MODE = wholemodule;
				SWIFT_OPTIMIZATION_LEVEL = "-O";
				VALIDATE_PRODUCT = YES;
			};
			name = Release;
		};
		8D58B7C12419BA4600204627 /* Debug */ = {
			isa = XCBuildConfiguration;
			buildSettings = {
				ASSETCATALOG_COMPILER_APPICON_NAME = AppIcon;
				CODE_SIGN_STYLE = Automatic;
				DEVELOPMENT_TEAM = XHN5S8Z76G;
				INFOPLIST_FILE = TestProject02/Info.plist;
				LD_RUNPATH_SEARCH_PATHS = (
					"$(inherited)",
					"@executable_path/Frameworks",
				);
				PRODUCT_BUNDLE_IDENTIFIER = com.nifty.cbm01799.TestProject02;
				PRODUCT_NAME = "$(TARGET_NAME)";
				SWIFT_VERSION = 5.0;
				TARGETED_DEVICE_FAMILY = 1;
			};
			name = Debug;
		};
		8D58B7C22419BA4600204627 /* Release */ = {
			isa = XCBuildConfiguration;
			buildSettings = {
				ASSETCATALOG_COMPILER_APPICON_NAME = AppIcon;
				CODE_SIGN_STYLE = Automatic;
				DEVELOPMENT_TEAM = XHN5S8Z76G;
				INFOPLIST_FILE = TestProject02/Info.plist;
				LD_RUNPATH_SEARCH_PATHS = (
					"$(inherited)",
					"@executable_path/Frameworks",
				);
				PRODUCT_BUNDLE_IDENTIFIER = com.nifty.cbm01799.TestProject02;
				PRODUCT_NAME = "$(TARGET_NAME)";
				SWIFT_VERSION = 5.0;
				TARGETED_DEVICE_FAMILY = 1;
			};
			name = Release;
		};
/* End XCBuildConfiguration section */

/* Begin XCConfigurationList section */
		8D58B7A52419BA4100204627 /* Build configuration list for PBXProject "TestProject02" */ = {
			isa = XCConfigurationList;
			buildConfigurations = (
				8D58B7BE2419BA4600204627 /* Debug */,
				8D58B7BF2419BA4600204627 /* Release */,
			);
			defaultConfigurationIsVisible = 0;
			defaultConfigurationName = Release;
		};
		8D58B7C02419BA4600204627 /* Build configuration list for PBXNativeTarget "TestProject02" */ = {
			isa = XCConfigurationList;
			buildConfigurations = (
				8D58B7C12419BA4600204627 /* Debug */,
				8D58B7C22419BA4600204627 /* Release */,
			);
			defaultConfigurationIsVisible = 0;
			defaultConfigurationName = Release;
		};
/* End XCConfigurationList section */
	};
	rootObject = 8D58B7A22419BA4100204627 /* Project object */;
}
